
Microsoft Visual Studio Solution File, Format Version 12.00
Project("{FAE04EC0-301F-11D3-BF4B-00C04F79EFBC}") = "Api", "Api.csproj", "{696C4F49-A8AD-43BA-9732-B240DF1A1A55}"
EndProject
Project("{FAE04EC0-301F-11D3-BF4B-00C04F79EFBC}") = "domain", "domain\domain.csproj", "{4A5EDE1F-A74F-4C2F-94BE-89E460F57084}"
EndProject
Global
	GlobalSection(SolutionConfigurationPlatforms) = preSolution
		Debug|Any CPU = Debug|Any CPU
		Release|Any CPU = Release|Any CPU
	EndGlobalSection
	GlobalSection(ProjectConfigurationPlatforms) = postSolution
		{696C4F49-A8AD-43BA-9732-B240DF1A1A55}.Debug|Any CPU.ActiveCfg = Debug|Any CPU
		{696C4F49-A8AD-43BA-9732-B240DF1A1A55}.Debug|Any CPU.Build.0 = Debug|Any CPU
		{696C4F49-A8AD-43BA-9732-B240DF1A1A55}.Release|Any CPU.ActiveCfg = Release|Any CPU
		{696C4F49-A8AD-43BA-9732-B240DF1A1A55}.Release|Any CPU.Build.0 = Release|Any CPU
		{4A5EDE1F-A74F-4C2F-94BE-89E460F57084}.Debug|Any CPU.ActiveCfg = Debug|Any CPU
		{4A5EDE1F-A74F-4C2F-94BE-89E460F57084}.Debug|Any CPU.Build.0 = Debug|Any CPU
		{4A5EDE1F-A74F-4C2F-94BE-89E460F57084}.Release|Any CPU.ActiveCfg = Release|Any CPU
		{4A5EDE1F-A74F-4C2F-94BE-89E460F57084}.Release|Any CPU.Build.0 = Release|Any CPU
	EndGlobalSection
EndGlobal
